
Microsoft Visual Studio Solution File, Format Version 12.00
# Visual Studio 15
VisualStudioVersion = 15.0.28010.2003
MinimumVisualStudioVersion = 10.0.40219.1
Project("{9A19103F-16F7-4668-BE54-9A1E7A4F7556}") = "WJLCS-1", "WJLCS-1\WJLCS-1.csproj", "{88039AB0-0F9C-4FE2-A851-0FF174328FE2}"
EndProject
Project("{2150E333-8FDC-42A3-9474-1A3956D46DE8}") = "Discord", "Discord", "{1C98AEF7-C5C8-4218-85B0-E5345FB33633}"
EndProject
Project("{9A19103F-16F7-4668-BE54-9A1E7A4F7556}") = "EnigmaBot", "Discord\EnigmaBot\EnigmaBot.csproj", "{C97433D7-4224-4744-B358-5D45CCF1EF19}"
EndProject
Project("{9A19103F-16F7-4668-BE54-9A1E7A4F7556}") = "EnigmaMachine", "Discord\EnigmaMachine\EnigmaMachine.csproj", "{8FDFE4D2-BB3E-43DE-A4F7-A47FEE2377A3}"
EndProject
Project("{9A19103F-16F7-4668-BE54-9A1E7A4F7556}") = "EnigmaTest", "Discord\EnigmaTest\EnigmaTest.csproj", "{ADD30A22-5962-498B-8C8C-F996893384E2}"
EndProject
Project("{FAE04EC0-301F-11D3-BF4B-00C04F79EFBC}") = "EnigmaBot.Executable", "Discord\EnigmaBot.Executable\EnigmaBot.Executable.csproj", "{A1CF70D5-D3E6-4EA4-9109-D3BD7BD74BA6}"
EndProject
Project("{9A19103F-16F7-4668-BE54-9A1E7A4F7556}") = "WJLCS-5", "WJLCS-5\WJLCS-5.csproj", "{53DB1081-3E09-4760-865A-0A8A4F929912}"
EndProject
Project("{9A19103F-16F7-4668-BE54-9A1E7A4F7556}") = "WJLCS-6", "WJLCS-6\WJLCS-6.csproj", "{61CEB7E0-1F82-4749-AE2B-8E91254EDA9D}"
EndProject
Project("{FAE04EC0-301F-11D3-BF4B-00C04F79EFBC}") = "WJLCS-6.EnigmaMachine", "WJLCS-6.EnigmaMachine\WJLCS-6.EnigmaMachine.csproj", "{81C61BB0-F6FB-4261-AFDC-F1271352EFD6}"
EndProject
Global
	GlobalSection(SolutionConfigurationPlatforms) = preSolution
		Debug|Any CPU = Debug|Any CPU
		Release|Any CPU = Release|Any CPU
	EndGlobalSection
	GlobalSection(ProjectConfigurationPlatforms) = postSolution
		{88039AB0-0F9C-4FE2-A851-0FF174328FE2}.Debug|Any CPU.ActiveCfg = Debug|Any CPU
		{88039AB0-0F9C-4FE2-A851-0FF174328FE2}.Debug|Any CPU.Build.0 = Debug|Any CPU
		{88039AB0-0F9C-4FE2-A851-0FF174328FE2}.Release|Any CPU.ActiveCfg = Release|Any CPU
		{88039AB0-0F9C-4FE2-A851-0FF174328FE2}.Release|Any CPU.Build.0 = Release|Any CPU
		{C97433D7-4224-4744-B358-5D45CCF1EF19}.Debug|Any CPU.ActiveCfg = Debug|Any CPU
		{C97433D7-4224-4744-B358-5D45CCF1EF19}.Debug|Any CPU.Build.0 = Debug|Any CPU
		{C97433D7-4224-4744-B358-5D45CCF1EF19}.Release|Any CPU.ActiveCfg = Release|Any CPU
		{C97433D7-4224-4744-B358-5D45CCF1EF19}.Release|Any CPU.Build.0 = Release|Any CPU
		{8FDFE4D2-BB3E-43DE-A4F7-A47FEE2377A3}.Debug|Any CPU.ActiveCfg = Debug|Any CPU
		{8FDFE4D2-BB3E-43DE-A4F7-A47FEE2377A3}.Debug|Any CPU.Build.0 = Debug|Any CPU
		{8FDFE4D2-BB3E-43DE-A4F7-A47FEE2377A3}.Release|Any CPU.ActiveCfg = Release|Any CPU
		{8FDFE4D2-BB3E-43DE-A4F7-A47FEE2377A3}.Release|Any CPU.Build.0 = Release|Any CPU
		{ADD30A22-5962-498B-8C8C-F996893384E2}.Debug|Any CPU.ActiveCfg = Debug|Any CPU
		{ADD30A22-5962-498B-8C8C-F996893384E2}.Debug|Any CPU.Build.0 = Debug|Any CPU
		{ADD30A22-5962-498B-8C8C-F996893384E2}.Release|Any CPU.ActiveCfg = Release|Any CPU
		{ADD30A22-5962-498B-8C8C-F996893384E2}.Release|Any CPU.Build.0 = Release|Any CPU
		{A1CF70D5-D3E6-4EA4-9109-D3BD7BD74BA6}.Debug|Any CPU.ActiveCfg = Debug|Any CPU
		{A1CF70D5-D3E6-4EA4-9109-D3BD7BD74BA6}.Debug|Any CPU.Build.0 = Debug|Any CPU
		{A1CF70D5-D3E6-4EA4-9109-D3BD7BD74BA6}.Release|Any CPU.ActiveCfg = Release|Any CPU
		{A1CF70D5-D3E6-4EA4-9109-D3BD7BD74BA6}.Release|Any CPU.Build.0 = Release|Any CPU
		{53DB1081-3E09-4760-865A-0A8A4F929912}.Debug|Any CPU.ActiveCfg = Debug|Any CPU
		{53DB1081-3E09-4760-865A-0A8A4F929912}.Debug|Any CPU.Build.0 = Debug|Any CPU
		{53DB1081-3E09-4760-865A-0A8A4F929912}.Release|Any CPU.ActiveCfg = Release|Any CPU
		{53DB1081-3E09-4760-865A-0A8A4F929912}.Release|Any CPU.Build.0 = Release|Any CPU
		{61CEB7E0-1F82-4749-AE2B-8E91254EDA9D}.Debug|Any CPU.ActiveCfg = Debug|Any CPU
		{61CEB7E0-1F82-4749-AE2B-8E91254EDA9D}.Debug|Any CPU.Build.0 = Debug|Any CPU
		{61CEB7E0-1F82-4749-AE2B-8E91254EDA9D}.Release|Any CPU.ActiveCfg = Release|Any CPU
		{61CEB7E0-1F82-4749-AE2B-8E91254EDA9D}.Release|Any CPU.Build.0 = Release|Any CPU
		{81C61BB0-F6FB-4261-AFDC-F1271352EFD6}.Debug|Any CPU.ActiveCfg = Debug|Any CPU
		{81C61BB0-F6FB-4261-AFDC-F1271352EFD6}.Debug|Any CPU.Build.0 = Debug|Any CPU
		{81C61BB0-F6FB-4261-AFDC-F1271352EFD6}.Release|Any CPU.ActiveCfg = Release|Any CPU
		{81C61BB0-F6FB-4261-AFDC-F1271352EFD6}.Release|Any CPU.Build.0 = Release|Any CPU
	EndGlobalSection
	GlobalSection(SolutionProperties) = preSolution
		HideSolutionNode = FALSE
	EndGlobalSection
	GlobalSection(NestedProjects) = preSolution
		{C97433D7-4224-4744-B358-5D45CCF1EF19} = {1C98AEF7-C5C8-4218-85B0-E5345FB33633}
		{8FDFE4D2-BB3E-43DE-A4F7-A47FEE2377A3} = {1C98AEF7-C5C8-4218-85B0-E5345FB33633}
		{ADD30A22-5962-498B-8C8C-F996893384E2} = {1C98AEF7-C5C8-4218-85B0-E5345FB33633}
		{A1CF70D5-D3E6-4EA4-9109-D3BD7BD74BA6} = {1C98AEF7-C5C8-4218-85B0-E5345FB33633}
	EndGlobalSection
	GlobalSection(ExtensibilityGlobals) = postSolution
		SolutionGuid = {0476C533-4B67-42DD-8B02-B972670FC81C}
	EndGlobalSection
EndGlobal
