
Microsoft Visual Studio Solution File, Format Version 12.00
# Visual Studio 15
VisualStudioVersion = 15.0.28010.2003
MinimumVisualStudioVersion = 10.0.40219.1
Project("{9A19103F-16F7-4668-BE54-9A1E7A4F7556}") = "WJLCS-1", "WJLCS-1\WJLCS-1.csproj", "{88039AB0-0F9C-4FE2-A851-0FF174328FE2}"
EndProject
Project("{2150E333-8FDC-42A3-9474-1A3956D46DE8}") = "Discord", "Discord", "{1C98AEF7-C5C8-4218-85B0-E5345FB33633}"
EndProject
Project("{9A19103F-16F7-4668-BE54-9A1E7A4F7556}") = "EnigmaBot", "Discord\EnigmaBot\EnigmaBot.csproj", "{C97433D7-4224-4744-B358-5D45CCF1EF19}"
EndProject
Project("{9A19103F-16F7-4668-BE54-9A1E7A4F7556}") = "EnigmaMachine", "Discord\EnigmaMachine\EnigmaMachine.csproj", "{8FDFE4D2-BB3E-43DE-A4F7-A47FEE2377A3}"
EndProject
Project("{FAE04EC0-301F-11D3-BF4B-00C04F79EFBC}") = "EnigmaBot.Executable", "Discord\EnigmaBot.Executable\EnigmaBot.Executable.csproj", "{A1CF70D5-D3E6-4EA4-9109-D3BD7BD74BA6}"
EndProject
Project("{9A19103F-16F7-4668-BE54-9A1E7A4F7556}") = "WJLCS-5", "WJLCS-5\WJLCS-5.csproj", "{53DB1081-3E09-4760-865A-0A8A4F929912}"
EndProject
Project("{9A19103F-16F7-4668-BE54-9A1E7A4F7556}") = "WJLCS-6", "WJLCS-6\WJLCS-6.csproj", "{61CEB7E0-1F82-4749-AE2B-8E91254EDA9D}"
EndProject
Project("{9A19103F-16F7-4668-BE54-9A1E7A4F7556}") = "WJLCS-6.EnigmaMachine", "WJLCS-6.EnigmaMachine\WJLCS-6.EnigmaMachine.csproj", "{81C61BB0-F6FB-4261-AFDC-F1271352EFD6}"
EndProject
Project("{9A19103F-16F7-4668-BE54-9A1E7A4F7556}") = "WJLCS-7", "WJLCS-7\WJLCS-7.csproj", "{02DA14CC-EC96-4AE5-9EF4-D4E08D55E920}"
EndProject
Project("{9A19103F-16F7-4668-BE54-9A1E7A4F7556}") = "WJLCS-7.EnigmaMachine", "WJLCS-7.EnigmaMachine\WJLCS-7.EnigmaMachine.csproj", "{EF2F7B2A-3D30-4B49-8E06-36F7B64AED73}"
EndProject
Project("{9A19103F-16F7-4668-BE54-9A1E7A4F7556}") = "WJLCS-9", "WJLCS-9\WJLCS-9.csproj", "{F4C33B03-8831-422E-B187-AF507163AE86}"
EndProject
Project("{9A19103F-16F7-4668-BE54-9A1E7A4F7556}") = "WJLCS-9.Enigma", "WJLCS-9.Enigma\WJLCS-9.Enigma.csproj", "{DB5F0129-A8A6-4C01-A5B7-DCBCCE301462}"
EndProject
Project("{9A19103F-16F7-4668-BE54-9A1E7A4F7556}") = "WJLCS-9.Enigma.IO", "WJLCS-9.Enigma.IO\WJLCS-9.Enigma.IO.csproj", "{43B63D3E-82CE-4205-A9CF-1918212C05B6}"
EndProject
Project("{9A19103F-16F7-4668-BE54-9A1E7A4F7556}") = "EnigmaBot.v2", "Discord\EnigmaBot.v2\EnigmaBot.v2.csproj", "{A9D18C52-11DA-4CD3-A7AA-384A18547D1C}"
EndProject
Project("{2150E333-8FDC-42A3-9474-1A3956D46DE8}") = "DiscordBots", "DiscordBots", "{6ABE6829-012D-4E87-A9C2-C6FD8DA124C1}"
EndProject
Project("{9A19103F-16F7-4668-BE54-9A1E7A4F7556}") = "TriggersTools.DiscordBots.Core", "Discord\DiscordBots\TriggersTools.DiscordBots.Core\TriggersTools.DiscordBots.Core.csproj", "{52CDFED2-69EE-4657-B999-DCBDC360A84B}"
EndProject
Project("{9A19103F-16F7-4668-BE54-9A1E7A4F7556}") = "TriggersTools.DiscordBots.Database", "Discord\DiscordBots\TriggersTools.DiscordBots.Database\TriggersTools.DiscordBots.Database.csproj", "{A054F4B2-5424-4FE7-8075-D47CA18FC9BB}"
EndProject
Project("{9A19103F-16F7-4668-BE54-9A1E7A4F7556}") = "TriggersTools.DiscordBots.Analyzer", "Discord\DiscordBots\TriggersTools.DiscordBots.Analyzer\TriggersTools.DiscordBots.Analyzer.csproj", "{CDA5C4BE-7CD6-4FD9-A0D2-4823FCD5BCCC}"
EndProject
Project("{9A19103F-16F7-4668-BE54-9A1E7A4F7556}") = "TriggersTools.DiscordBots.Commands", "Discord\DiscordBots\TriggersTools.DiscordBots.Commands\TriggersTools.DiscordBots.Commands.csproj", "{29D06107-CFD8-40A2-8315-A4960C7BC28E}"
EndProject
Project("{9A19103F-16F7-4668-BE54-9A1E7A4F7556}") = "TriggersTools.DiscordBots.Daemon", "Discord\DiscordBots\TriggersTools.DiscordBots.Daemon\TriggersTools.DiscordBots.Daemon.csproj", "{B9484C70-C9D6-40C0-A251-0109AA7659F5}"
EndProject
Project("{9A19103F-16F7-4668-BE54-9A1E7A4F7556}") = "TriggersTools.DiscordBots.Implementation", "Discord\DiscordBots\TriggersTools.DiscordBots.Implementation\TriggersTools.DiscordBots.Implementation.csproj", "{06A743A7-2C1F-42C5-9537-0336BCE9482D}"
EndProject
Project("{9A19103F-16F7-4668-BE54-9A1E7A4F7556}") = "EnigmaBot.v2.Daemon", "Discord\EnigmaBot.v2.Daemon\EnigmaBot.v2.Daemon.csproj", "{15E4BF8C-1DDE-4325-BAAE-E742C2E01665}"
EndProject
Project("{2150E333-8FDC-42A3-9474-1A3956D46DE8}") = "Old", "Old", "{2804E7A5-4608-4277-98B9-278F635EF19A}"
EndProject
Project("{FAE04EC0-301F-11D3-BF4B-00C04F79EFBC}") = "Final", "Final\Final.csproj", "{208DEB71-F758-48A8-AC9A-3D5B5E4D9CE8}"
EndProject
Project("{FAE04EC0-301F-11D3-BF4B-00C04F79EFBC}") = "Final.Enigma", "Final.Enigma\Final.Enigma.csproj", "{D2100A1A-5F08-49AB-8FED-5CB2258EA2D1}"
EndProject
Project("{FAE04EC0-301F-11D3-BF4B-00C04F79EFBC}") = "Final.Enigma.IO", "Final.Enigma.IO\Final.Enigma.IO.csproj", "{8D34C00B-5F93-43F9-9B7B-04604B319649}"
EndProject
Project("{FAE04EC0-301F-11D3-BF4B-00C04F79EFBC}") = "WJLCS.Packager", "WJLCS.Packager\WJLCS.Packager.csproj", "{874DCA41-9A4D-4E08-A7E8-59A9A8184BCE}"
EndProject
Global
	GlobalSection(SolutionConfigurationPlatforms) = preSolution
		Debug|Any CPU = Debug|Any CPU
		Publish|Any CPU = Publish|Any CPU
		Release|Any CPU = Release|Any CPU
	EndGlobalSection
	GlobalSection(ProjectConfigurationPlatforms) = postSolution
		{88039AB0-0F9C-4FE2-A851-0FF174328FE2}.Debug|Any CPU.ActiveCfg = Debug|Any CPU
		{88039AB0-0F9C-4FE2-A851-0FF174328FE2}.Debug|Any CPU.Build.0 = Debug|Any CPU
		{88039AB0-0F9C-4FE2-A851-0FF174328FE2}.Publish|Any CPU.ActiveCfg = Release|Any CPU
		{88039AB0-0F9C-4FE2-A851-0FF174328FE2}.Publish|Any CPU.Build.0 = Release|Any CPU
		{88039AB0-0F9C-4FE2-A851-0FF174328FE2}.Release|Any CPU.ActiveCfg = Release|Any CPU
		{88039AB0-0F9C-4FE2-A851-0FF174328FE2}.Release|Any CPU.Build.0 = Release|Any CPU
		{C97433D7-4224-4744-B358-5D45CCF1EF19}.Debug|Any CPU.ActiveCfg = Debug|Any CPU
		{C97433D7-4224-4744-B358-5D45CCF1EF19}.Debug|Any CPU.Build.0 = Debug|Any CPU
		{C97433D7-4224-4744-B358-5D45CCF1EF19}.Publish|Any CPU.ActiveCfg = Release|Any CPU
		{C97433D7-4224-4744-B358-5D45CCF1EF19}.Publish|Any CPU.Build.0 = Release|Any CPU
		{C97433D7-4224-4744-B358-5D45CCF1EF19}.Release|Any CPU.ActiveCfg = Release|Any CPU
		{C97433D7-4224-4744-B358-5D45CCF1EF19}.Release|Any CPU.Build.0 = Release|Any CPU
		{8FDFE4D2-BB3E-43DE-A4F7-A47FEE2377A3}.Debug|Any CPU.ActiveCfg = Debug|Any CPU
		{8FDFE4D2-BB3E-43DE-A4F7-A47FEE2377A3}.Debug|Any CPU.Build.0 = Debug|Any CPU
		{8FDFE4D2-BB3E-43DE-A4F7-A47FEE2377A3}.Publish|Any CPU.ActiveCfg = Release|Any CPU
		{8FDFE4D2-BB3E-43DE-A4F7-A47FEE2377A3}.Publish|Any CPU.Build.0 = Release|Any CPU
		{8FDFE4D2-BB3E-43DE-A4F7-A47FEE2377A3}.Release|Any CPU.ActiveCfg = Release|Any CPU
		{8FDFE4D2-BB3E-43DE-A4F7-A47FEE2377A3}.Release|Any CPU.Build.0 = Release|Any CPU
		{A1CF70D5-D3E6-4EA4-9109-D3BD7BD74BA6}.Debug|Any CPU.ActiveCfg = Debug|Any CPU
		{A1CF70D5-D3E6-4EA4-9109-D3BD7BD74BA6}.Debug|Any CPU.Build.0 = Debug|Any CPU
		{A1CF70D5-D3E6-4EA4-9109-D3BD7BD74BA6}.Publish|Any CPU.ActiveCfg = Release|Any CPU
		{A1CF70D5-D3E6-4EA4-9109-D3BD7BD74BA6}.Publish|Any CPU.Build.0 = Release|Any CPU
		{A1CF70D5-D3E6-4EA4-9109-D3BD7BD74BA6}.Release|Any CPU.ActiveCfg = Release|Any CPU
		{A1CF70D5-D3E6-4EA4-9109-D3BD7BD74BA6}.Release|Any CPU.Build.0 = Release|Any CPU
		{53DB1081-3E09-4760-865A-0A8A4F929912}.Debug|Any CPU.ActiveCfg = Debug|Any CPU
		{53DB1081-3E09-4760-865A-0A8A4F929912}.Debug|Any CPU.Build.0 = Debug|Any CPU
		{53DB1081-3E09-4760-865A-0A8A4F929912}.Publish|Any CPU.ActiveCfg = Release|Any CPU
		{53DB1081-3E09-4760-865A-0A8A4F929912}.Publish|Any CPU.Build.0 = Release|Any CPU
		{53DB1081-3E09-4760-865A-0A8A4F929912}.Release|Any CPU.ActiveCfg = Release|Any CPU
		{53DB1081-3E09-4760-865A-0A8A4F929912}.Release|Any CPU.Build.0 = Release|Any CPU
		{61CEB7E0-1F82-4749-AE2B-8E91254EDA9D}.Debug|Any CPU.ActiveCfg = Debug|Any CPU
		{61CEB7E0-1F82-4749-AE2B-8E91254EDA9D}.Debug|Any CPU.Build.0 = Debug|Any CPU
		{61CEB7E0-1F82-4749-AE2B-8E91254EDA9D}.Publish|Any CPU.ActiveCfg = Release|Any CPU
		{61CEB7E0-1F82-4749-AE2B-8E91254EDA9D}.Publish|Any CPU.Build.0 = Release|Any CPU
		{61CEB7E0-1F82-4749-AE2B-8E91254EDA9D}.Release|Any CPU.ActiveCfg = Release|Any CPU
		{61CEB7E0-1F82-4749-AE2B-8E91254EDA9D}.Release|Any CPU.Build.0 = Release|Any CPU
		{81C61BB0-F6FB-4261-AFDC-F1271352EFD6}.Debug|Any CPU.ActiveCfg = Debug|Any CPU
		{81C61BB0-F6FB-4261-AFDC-F1271352EFD6}.Debug|Any CPU.Build.0 = Debug|Any CPU
		{81C61BB0-F6FB-4261-AFDC-F1271352EFD6}.Publish|Any CPU.ActiveCfg = Release|Any CPU
		{81C61BB0-F6FB-4261-AFDC-F1271352EFD6}.Publish|Any CPU.Build.0 = Release|Any CPU
		{81C61BB0-F6FB-4261-AFDC-F1271352EFD6}.Release|Any CPU.ActiveCfg = Release|Any CPU
		{81C61BB0-F6FB-4261-AFDC-F1271352EFD6}.Release|Any CPU.Build.0 = Release|Any CPU
		{02DA14CC-EC96-4AE5-9EF4-D4E08D55E920}.Debug|Any CPU.ActiveCfg = Debug|Any CPU
		{02DA14CC-EC96-4AE5-9EF4-D4E08D55E920}.Debug|Any CPU.Build.0 = Debug|Any CPU
		{02DA14CC-EC96-4AE5-9EF4-D4E08D55E920}.Publish|Any CPU.ActiveCfg = Release|Any CPU
		{02DA14CC-EC96-4AE5-9EF4-D4E08D55E920}.Publish|Any CPU.Build.0 = Release|Any CPU
		{02DA14CC-EC96-4AE5-9EF4-D4E08D55E920}.Release|Any CPU.ActiveCfg = Release|Any CPU
		{02DA14CC-EC96-4AE5-9EF4-D4E08D55E920}.Release|Any CPU.Build.0 = Release|Any CPU
		{EF2F7B2A-3D30-4B49-8E06-36F7B64AED73}.Debug|Any CPU.ActiveCfg = Debug|Any CPU
		{EF2F7B2A-3D30-4B49-8E06-36F7B64AED73}.Debug|Any CPU.Build.0 = Debug|Any CPU
		{EF2F7B2A-3D30-4B49-8E06-36F7B64AED73}.Publish|Any CPU.ActiveCfg = Release|Any CPU
		{EF2F7B2A-3D30-4B49-8E06-36F7B64AED73}.Publish|Any CPU.Build.0 = Release|Any CPU
		{EF2F7B2A-3D30-4B49-8E06-36F7B64AED73}.Release|Any CPU.ActiveCfg = Release|Any CPU
		{EF2F7B2A-3D30-4B49-8E06-36F7B64AED73}.Release|Any CPU.Build.0 = Release|Any CPU
		{F4C33B03-8831-422E-B187-AF507163AE86}.Debug|Any CPU.ActiveCfg = Debug|Any CPU
		{F4C33B03-8831-422E-B187-AF507163AE86}.Debug|Any CPU.Build.0 = Debug|Any CPU
		{F4C33B03-8831-422E-B187-AF507163AE86}.Publish|Any CPU.ActiveCfg = Publish|Any CPU
		{F4C33B03-8831-422E-B187-AF507163AE86}.Publish|Any CPU.Build.0 = Publish|Any CPU
		{F4C33B03-8831-422E-B187-AF507163AE86}.Release|Any CPU.ActiveCfg = Release|Any CPU
		{F4C33B03-8831-422E-B187-AF507163AE86}.Release|Any CPU.Build.0 = Release|Any CPU
		{DB5F0129-A8A6-4C01-A5B7-DCBCCE301462}.Debug|Any CPU.ActiveCfg = Debug|Any CPU
		{DB5F0129-A8A6-4C01-A5B7-DCBCCE301462}.Debug|Any CPU.Build.0 = Debug|Any CPU
		{DB5F0129-A8A6-4C01-A5B7-DCBCCE301462}.Publish|Any CPU.ActiveCfg = Release|Any CPU
		{DB5F0129-A8A6-4C01-A5B7-DCBCCE301462}.Publish|Any CPU.Build.0 = Release|Any CPU
		{DB5F0129-A8A6-4C01-A5B7-DCBCCE301462}.Release|Any CPU.ActiveCfg = Release|Any CPU
		{DB5F0129-A8A6-4C01-A5B7-DCBCCE301462}.Release|Any CPU.Build.0 = Release|Any CPU
		{43B63D3E-82CE-4205-A9CF-1918212C05B6}.Debug|Any CPU.ActiveCfg = Debug|Any CPU
		{43B63D3E-82CE-4205-A9CF-1918212C05B6}.Debug|Any CPU.Build.0 = Debug|Any CPU
		{43B63D3E-82CE-4205-A9CF-1918212C05B6}.Publish|Any CPU.ActiveCfg = Release|Any CPU
		{43B63D3E-82CE-4205-A9CF-1918212C05B6}.Publish|Any CPU.Build.0 = Release|Any CPU
		{43B63D3E-82CE-4205-A9CF-1918212C05B6}.Release|Any CPU.ActiveCfg = Release|Any CPU
		{43B63D3E-82CE-4205-A9CF-1918212C05B6}.Release|Any CPU.Build.0 = Release|Any CPU
		{A9D18C52-11DA-4CD3-A7AA-384A18547D1C}.Debug|Any CPU.ActiveCfg = Debug|Any CPU
		{A9D18C52-11DA-4CD3-A7AA-384A18547D1C}.Debug|Any CPU.Build.0 = Debug|Any CPU
		{A9D18C52-11DA-4CD3-A7AA-384A18547D1C}.Publish|Any CPU.ActiveCfg = Release|Any CPU
		{A9D18C52-11DA-4CD3-A7AA-384A18547D1C}.Publish|Any CPU.Build.0 = Release|Any CPU
		{A9D18C52-11DA-4CD3-A7AA-384A18547D1C}.Release|Any CPU.ActiveCfg = Release|Any CPU
		{A9D18C52-11DA-4CD3-A7AA-384A18547D1C}.Release|Any CPU.Build.0 = Release|Any CPU
		{52CDFED2-69EE-4657-B999-DCBDC360A84B}.Debug|Any CPU.ActiveCfg = Debug|Any CPU
		{52CDFED2-69EE-4657-B999-DCBDC360A84B}.Debug|Any CPU.Build.0 = Debug|Any CPU
		{52CDFED2-69EE-4657-B999-DCBDC360A84B}.Publish|Any CPU.ActiveCfg = Release|Any CPU
		{52CDFED2-69EE-4657-B999-DCBDC360A84B}.Publish|Any CPU.Build.0 = Release|Any CPU
		{52CDFED2-69EE-4657-B999-DCBDC360A84B}.Release|Any CPU.ActiveCfg = Release|Any CPU
		{52CDFED2-69EE-4657-B999-DCBDC360A84B}.Release|Any CPU.Build.0 = Release|Any CPU
		{A054F4B2-5424-4FE7-8075-D47CA18FC9BB}.Debug|Any CPU.ActiveCfg = Debug|Any CPU
		{A054F4B2-5424-4FE7-8075-D47CA18FC9BB}.Debug|Any CPU.Build.0 = Debug|Any CPU
		{A054F4B2-5424-4FE7-8075-D47CA18FC9BB}.Publish|Any CPU.ActiveCfg = Release|Any CPU
		{A054F4B2-5424-4FE7-8075-D47CA18FC9BB}.Publish|Any CPU.Build.0 = Release|Any CPU
		{A054F4B2-5424-4FE7-8075-D47CA18FC9BB}.Release|Any CPU.ActiveCfg = Release|Any CPU
		{A054F4B2-5424-4FE7-8075-D47CA18FC9BB}.Release|Any CPU.Build.0 = Release|Any CPU
		{CDA5C4BE-7CD6-4FD9-A0D2-4823FCD5BCCC}.Debug|Any CPU.ActiveCfg = Debug|Any CPU
		{CDA5C4BE-7CD6-4FD9-A0D2-4823FCD5BCCC}.Debug|Any CPU.Build.0 = Debug|Any CPU
		{CDA5C4BE-7CD6-4FD9-A0D2-4823FCD5BCCC}.Publish|Any CPU.ActiveCfg = Release|Any CPU
		{CDA5C4BE-7CD6-4FD9-A0D2-4823FCD5BCCC}.Publish|Any CPU.Build.0 = Release|Any CPU
		{CDA5C4BE-7CD6-4FD9-A0D2-4823FCD5BCCC}.Release|Any CPU.ActiveCfg = Release|Any CPU
		{CDA5C4BE-7CD6-4FD9-A0D2-4823FCD5BCCC}.Release|Any CPU.Build.0 = Release|Any CPU
		{29D06107-CFD8-40A2-8315-A4960C7BC28E}.Debug|Any CPU.ActiveCfg = Debug|Any CPU
		{29D06107-CFD8-40A2-8315-A4960C7BC28E}.Debug|Any CPU.Build.0 = Debug|Any CPU
		{29D06107-CFD8-40A2-8315-A4960C7BC28E}.Publish|Any CPU.ActiveCfg = Release|Any CPU
		{29D06107-CFD8-40A2-8315-A4960C7BC28E}.Publish|Any CPU.Build.0 = Release|Any CPU
		{29D06107-CFD8-40A2-8315-A4960C7BC28E}.Release|Any CPU.ActiveCfg = Release|Any CPU
		{29D06107-CFD8-40A2-8315-A4960C7BC28E}.Release|Any CPU.Build.0 = Release|Any CPU
		{B9484C70-C9D6-40C0-A251-0109AA7659F5}.Debug|Any CPU.ActiveCfg = Debug|Any CPU
		{B9484C70-C9D6-40C0-A251-0109AA7659F5}.Debug|Any CPU.Build.0 = Debug|Any CPU
		{B9484C70-C9D6-40C0-A251-0109AA7659F5}.Publish|Any CPU.ActiveCfg = Release|Any CPU
		{B9484C70-C9D6-40C0-A251-0109AA7659F5}.Publish|Any CPU.Build.0 = Release|Any CPU
		{B9484C70-C9D6-40C0-A251-0109AA7659F5}.Release|Any CPU.ActiveCfg = Release|Any CPU
		{B9484C70-C9D6-40C0-A251-0109AA7659F5}.Release|Any CPU.Build.0 = Release|Any CPU
		{06A743A7-2C1F-42C5-9537-0336BCE9482D}.Debug|Any CPU.ActiveCfg = Debug|Any CPU
		{06A743A7-2C1F-42C5-9537-0336BCE9482D}.Debug|Any CPU.Build.0 = Debug|Any CPU
		{06A743A7-2C1F-42C5-9537-0336BCE9482D}.Publish|Any CPU.ActiveCfg = Release|Any CPU
		{06A743A7-2C1F-42C5-9537-0336BCE9482D}.Publish|Any CPU.Build.0 = Release|Any CPU
		{06A743A7-2C1F-42C5-9537-0336BCE9482D}.Release|Any CPU.ActiveCfg = Release|Any CPU
		{06A743A7-2C1F-42C5-9537-0336BCE9482D}.Release|Any CPU.Build.0 = Release|Any CPU
		{15E4BF8C-1DDE-4325-BAAE-E742C2E01665}.Debug|Any CPU.ActiveCfg = Debug|Any CPU
		{15E4BF8C-1DDE-4325-BAAE-E742C2E01665}.Debug|Any CPU.Build.0 = Debug|Any CPU
		{15E4BF8C-1DDE-4325-BAAE-E742C2E01665}.Publish|Any CPU.ActiveCfg = Release|Any CPU
		{15E4BF8C-1DDE-4325-BAAE-E742C2E01665}.Publish|Any CPU.Build.0 = Release|Any CPU
		{15E4BF8C-1DDE-4325-BAAE-E742C2E01665}.Release|Any CPU.ActiveCfg = Release|Any CPU
		{15E4BF8C-1DDE-4325-BAAE-E742C2E01665}.Release|Any CPU.Build.0 = Release|Any CPU
		{208DEB71-F758-48A8-AC9A-3D5B5E4D9CE8}.Debug|Any CPU.ActiveCfg = Debug|Any CPU
		{208DEB71-F758-48A8-AC9A-3D5B5E4D9CE8}.Debug|Any CPU.Build.0 = Debug|Any CPU
		{208DEB71-F758-48A8-AC9A-3D5B5E4D9CE8}.Publish|Any CPU.ActiveCfg = Publish|Any CPU
		{208DEB71-F758-48A8-AC9A-3D5B5E4D9CE8}.Publish|Any CPU.Build.0 = Publish|Any CPU
		{208DEB71-F758-48A8-AC9A-3D5B5E4D9CE8}.Release|Any CPU.ActiveCfg = Release|Any CPU
		{208DEB71-F758-48A8-AC9A-3D5B5E4D9CE8}.Release|Any CPU.Build.0 = Release|Any CPU
		{D2100A1A-5F08-49AB-8FED-5CB2258EA2D1}.Debug|Any CPU.ActiveCfg = Debug|Any CPU
		{D2100A1A-5F08-49AB-8FED-5CB2258EA2D1}.Debug|Any CPU.Build.0 = Debug|Any CPU
		{D2100A1A-5F08-49AB-8FED-5CB2258EA2D1}.Publish|Any CPU.ActiveCfg = Release|Any CPU
		{D2100A1A-5F08-49AB-8FED-5CB2258EA2D1}.Publish|Any CPU.Build.0 = Release|Any CPU
		{D2100A1A-5F08-49AB-8FED-5CB2258EA2D1}.Release|Any CPU.ActiveCfg = Release|Any CPU
		{D2100A1A-5F08-49AB-8FED-5CB2258EA2D1}.Release|Any CPU.Build.0 = Release|Any CPU
		{8D34C00B-5F93-43F9-9B7B-04604B319649}.Debug|Any CPU.ActiveCfg = Debug|Any CPU
		{8D34C00B-5F93-43F9-9B7B-04604B319649}.Debug|Any CPU.Build.0 = Debug|Any CPU
		{8D34C00B-5F93-43F9-9B7B-04604B319649}.Publish|Any CPU.ActiveCfg = Release|Any CPU
		{8D34C00B-5F93-43F9-9B7B-04604B319649}.Publish|Any CPU.Build.0 = Release|Any CPU
		{8D34C00B-5F93-43F9-9B7B-04604B319649}.Release|Any CPU.ActiveCfg = Release|Any CPU
		{8D34C00B-5F93-43F9-9B7B-04604B319649}.Release|Any CPU.Build.0 = Release|Any CPU
		{874DCA41-9A4D-4E08-A7E8-59A9A8184BCE}.Debug|Any CPU.ActiveCfg = Debug|Any CPU
		{874DCA41-9A4D-4E08-A7E8-59A9A8184BCE}.Debug|Any CPU.Build.0 = Debug|Any CPU
		{874DCA41-9A4D-4E08-A7E8-59A9A8184BCE}.Publish|Any CPU.ActiveCfg = Release|Any CPU
		{874DCA41-9A4D-4E08-A7E8-59A9A8184BCE}.Publish|Any CPU.Build.0 = Release|Any CPU
		{874DCA41-9A4D-4E08-A7E8-59A9A8184BCE}.Release|Any CPU.ActiveCfg = Release|Any CPU
		{874DCA41-9A4D-4E08-A7E8-59A9A8184BCE}.Release|Any CPU.Build.0 = Release|Any CPU
	EndGlobalSection
	GlobalSection(SolutionProperties) = preSolution
		HideSolutionNode = FALSE
	EndGlobalSection
	GlobalSection(NestedProjects) = preSolution
		{C97433D7-4224-4744-B358-5D45CCF1EF19} = {2804E7A5-4608-4277-98B9-278F635EF19A}
		{8FDFE4D2-BB3E-43DE-A4F7-A47FEE2377A3} = {2804E7A5-4608-4277-98B9-278F635EF19A}
		{A1CF70D5-D3E6-4EA4-9109-D3BD7BD74BA6} = {2804E7A5-4608-4277-98B9-278F635EF19A}
		{A9D18C52-11DA-4CD3-A7AA-384A18547D1C} = {1C98AEF7-C5C8-4218-85B0-E5345FB33633}
		{6ABE6829-012D-4E87-A9C2-C6FD8DA124C1} = {1C98AEF7-C5C8-4218-85B0-E5345FB33633}
		{52CDFED2-69EE-4657-B999-DCBDC360A84B} = {6ABE6829-012D-4E87-A9C2-C6FD8DA124C1}
		{A054F4B2-5424-4FE7-8075-D47CA18FC9BB} = {6ABE6829-012D-4E87-A9C2-C6FD8DA124C1}
		{CDA5C4BE-7CD6-4FD9-A0D2-4823FCD5BCCC} = {6ABE6829-012D-4E87-A9C2-C6FD8DA124C1}
		{29D06107-CFD8-40A2-8315-A4960C7BC28E} = {6ABE6829-012D-4E87-A9C2-C6FD8DA124C1}
		{B9484C70-C9D6-40C0-A251-0109AA7659F5} = {6ABE6829-012D-4E87-A9C2-C6FD8DA124C1}
		{06A743A7-2C1F-42C5-9537-0336BCE9482D} = {6ABE6829-012D-4E87-A9C2-C6FD8DA124C1}
		{15E4BF8C-1DDE-4325-BAAE-E742C2E01665} = {1C98AEF7-C5C8-4218-85B0-E5345FB33633}
		{2804E7A5-4608-4277-98B9-278F635EF19A} = {1C98AEF7-C5C8-4218-85B0-E5345FB33633}
	EndGlobalSection
	GlobalSection(ExtensibilityGlobals) = postSolution
		SolutionGuid = {0476C533-4B67-42DD-8B02-B972670FC81C}
	EndGlobalSection
EndGlobal
